
Microsoft Visual Studio Solution File, Format Version 12.00
# Visual Studio Version 16
VisualStudioVersion = 16.0.29911.84
MinimumVisualStudioVersion = 10.0.40219.1
Project("{8BC9CEB8-8B4A-11D0-8D11-00A0C91BC942}") = "Lab 11", "Lab 11.vcxproj", "{36A08F45-29AB-4293-9D61-47FAC49D66F6}"
EndProject
Global
	GlobalSection(SolutionConfigurationPlatforms) = preSolution
		Debug|x64 = Debug|x64
		Debug|x86 = Debug|x86
		Release|x64 = Release|x64
		Release|x86 = Release|x86
	EndGlobalSection
	GlobalSection(ProjectConfigurationPlatforms) = postSolution
		{36A08F45-29AB-4293-9D61-47FAC49D66F6}.Debug|x64.ActiveCfg = Debug|x64
		{36A08F45-29AB-4293-9D61-47FAC49D66F6}.Debug|x64.Build.0 = Debug|x64
		{36A08F45-29AB-4293-9D61-47FAC49D66F6}.Debug|x86.ActiveCfg = Debug|Win32
		{36A08F45-29AB-4293-9D61-47FAC49D66F6}.Debug|x86.Build.0 = Debug|Win32
		{36A08F45-29AB-4293-9D61-47FAC49D66F6}.Release|x64.ActiveCfg = Release|x64
		{36A08F45-29AB-4293-9D61-47FAC49D66F6}.Release|x64.Build.0 = Release|x64
		{36A08F45-29AB-4293-9D61-47FAC49D66F6}.Release|x86.ActiveCfg = Release|Win32
		{36A08F45-29AB-4293-9D61-47FAC49D66F6}.Release|x86.Build.0 = Release|Win32
	EndGlobalSection
	GlobalSection(SolutionProperties) = preSolution
		HideSolutionNode = FALSE
	EndGlobalSection
	GlobalSection(ExtensibilityGlobals) = postSolution
		SolutionGuid = {09C690A1-C0EC-4FFB-9FC7-36E6AD35DD8B}
	EndGlobalSection
EndGlobal
